
Microsoft Visual Studio Solution File, Format Version 12.00
# Visual Studio 2012
Project("{FAE04EC0-301F-11D3-BF4B-00C04F79EFBC}") = "DateInserter", "DateInserter\DateInserter.csproj", "{09C51D0C-C789-47FE-BB6F-A99D4A0B7EA7}"
EndProject
Global
	GlobalSection(SolutionConfigurationPlatforms) = preSolution
		Debug|Any CPU = Debug|Any CPU
		Release|Any CPU = Release|Any CPU
	EndGlobalSection
	GlobalSection(ProjectConfigurationPlatforms) = postSolution
		{09C51D0C-C789-47FE-BB6F-A99D4A0B7EA7}.Debug|Any CPU.ActiveCfg = Debug|Any CPU
		{09C51D0C-C789-47FE-BB6F-A99D4A0B7EA7}.Debug|Any CPU.Build.0 = Debug|Any CPU
		{09C51D0C-C789-47FE-BB6F-A99D4A0B7EA7}.Release|Any CPU.ActiveCfg = Release|Any CPU
		{09C51D0C-C789-47FE-BB6F-A99D4A0B7EA7}.Release|Any CPU.Build.0 = Release|Any CPU
	EndGlobalSection
EndGlobal
